
Microsoft Visual Studio Solution File, Format Version 12.00
# Visual Studio Version 16
VisualStudioVersion = 16.0.30717.126
MinimumVisualStudioVersion = 10.0.40219.1
Project("{9A19103F-16F7-4668-BE54-9A1E7A4F7556}") = "CppInvoker", "CppInvoker\CppInvoker.csproj", "{841EC81A-ADF7-478E-AC69-6EBD4D1DA141}"
	ProjectSection(ProjectDependencies) = postProject
		{936E1C03-27CD-4CBA-850B-15670140627A} = {936E1C03-27CD-4CBA-850B-15670140627A}
	EndProjectSection
EndProject
Project("{8BC9CEB8-8B4A-11D0-8D11-00A0C91BC942}") = "Calculator", "Calculator\Calculator.vcxproj", "{936E1C03-27CD-4CBA-850B-15670140627A}"
EndProject
Project("{2150E333-8FDC-42A3-9474-1A3956D46DE8}") = "Solution Items", "Solution Items", "{DFB4193A-F21C-4829-A5EC-B07E4D849F72}"
	ProjectSection(SolutionItems) = preProject
		README.md = README.md
	EndProjectSection
EndProject
Global
	GlobalSection(SolutionConfigurationPlatforms) = preSolution
		Debug|Any CPU = Debug|Any CPU
		Debug|x64 = Debug|x64
		Debug|x86 = Debug|x86
		Release|Any CPU = Release|Any CPU
		Release|x64 = Release|x64
		Release|x86 = Release|x86
	EndGlobalSection
	GlobalSection(ProjectConfigurationPlatforms) = postSolution
		{841EC81A-ADF7-478E-AC69-6EBD4D1DA141}.Debug|Any CPU.ActiveCfg = Debug|Any CPU
		{841EC81A-ADF7-478E-AC69-6EBD4D1DA141}.Debug|Any CPU.Build.0 = Debug|Any CPU
		{841EC81A-ADF7-478E-AC69-6EBD4D1DA141}.Debug|x64.ActiveCfg = Debug|Any CPU
		{841EC81A-ADF7-478E-AC69-6EBD4D1DA141}.Debug|x64.Build.0 = Debug|Any CPU
		{841EC81A-ADF7-478E-AC69-6EBD4D1DA141}.Debug|x86.ActiveCfg = Debug|Any CPU
		{841EC81A-ADF7-478E-AC69-6EBD4D1DA141}.Debug|x86.Build.0 = Debug|Any CPU
		{841EC81A-ADF7-478E-AC69-6EBD4D1DA141}.Release|Any CPU.ActiveCfg = Release|Any CPU
		{841EC81A-ADF7-478E-AC69-6EBD4D1DA141}.Release|Any CPU.Build.0 = Release|Any CPU
		{841EC81A-ADF7-478E-AC69-6EBD4D1DA141}.Release|x64.ActiveCfg = Release|Any CPU
		{841EC81A-ADF7-478E-AC69-6EBD4D1DA141}.Release|x64.Build.0 = Release|Any CPU
		{841EC81A-ADF7-478E-AC69-6EBD4D1DA141}.Release|x86.ActiveCfg = Release|Any CPU
		{841EC81A-ADF7-478E-AC69-6EBD4D1DA141}.Release|x86.Build.0 = Release|Any CPU
		{936E1C03-27CD-4CBA-850B-15670140627A}.Debug|Any CPU.ActiveCfg = Debug|Win32
		{936E1C03-27CD-4CBA-850B-15670140627A}.Debug|x64.ActiveCfg = Debug|x64
		{936E1C03-27CD-4CBA-850B-15670140627A}.Debug|x64.Build.0 = Debug|x64
		{936E1C03-27CD-4CBA-850B-15670140627A}.Debug|x86.ActiveCfg = Debug|Win32
		{936E1C03-27CD-4CBA-850B-15670140627A}.Debug|x86.Build.0 = Debug|Win32
		{936E1C03-27CD-4CBA-850B-15670140627A}.Release|Any CPU.ActiveCfg = Release|Win32
		{936E1C03-27CD-4CBA-850B-15670140627A}.Release|x64.ActiveCfg = Release|x64
		{936E1C03-27CD-4CBA-850B-15670140627A}.Release|x64.Build.0 = Release|x64
		{936E1C03-27CD-4CBA-850B-15670140627A}.Release|x86.ActiveCfg = Release|Win32
		{936E1C03-27CD-4CBA-850B-15670140627A}.Release|x86.Build.0 = Release|Win32
	EndGlobalSection
	GlobalSection(SolutionProperties) = preSolution
		HideSolutionNode = FALSE
	EndGlobalSection
	GlobalSection(ExtensibilityGlobals) = postSolution
		SolutionGuid = {1D6B105B-655F-4F41-BD49-387716D61533}
	EndGlobalSection
EndGlobal
